// !$*UTF8*$!
{
	archiveVersion = 1;
	classes = {
	};
	objectVersion = 77;
	objects = {

/* Begin PBXContainerItemProxy section */
		5592B3722F3A5D3F0054BD84 /* PBXContainerItemProxy */ = {
			isa = PBXContainerItemProxy;
			containerPortal = 5592B35A2F3A5D3F0054BD84 /* Project object */;
			proxyType = 1;
			remoteGlobalIDString = 5592B3612F3A5D3F0054BD84;
			remoteInfo = Muttaqi;
		};
		5592B37C2F3A5D3F0054BD84 /* PBXContainerItemProxy */ = {
			isa = PBXContainerItemProxy;
			containerPortal = 5592B35A2F3A5D3F0054BD84 /* Project object */;
			proxyType = 1;
			remoteGlobalIDString = 5592B3612F3A5D3F0054BD84;
			remoteInfo = Muttaqi;
		};
/* End PBXContainerItemProxy section */

/* Begin PBXFileReference section */
		5592B3622F3A5D3F0054BD84 /* Muttaqi.app */ = {isa = PBXFileReference; explicitFileType = wrapper.application; includeInIndex = 0; path = Muttaqi.app; sourceTree = BUILT_PRODUCTS_DIR; };
		5592B3712F3A5D3F0054BD84 /* MuttaqiTests.xctest */ = {isa = PBXFileReference; explicitFileType = wrapper.cfbundle; includeInIndex = 0; path = MuttaqiTests.xctest; sourceTree = BUILT_PRODUCTS_DIR; };
		5592B37B2F3A5D3F0054BD84 /* MuttaqiUITests.xctest */ = {isa = PBXFileReference; explicitFileType = wrapper.cfbundle; includeInIndex = 0; path = MuttaqiUITests.xctest; sourceTree = BUILT_PRODUCTS_DIR; };
/* End PBXFileReference section */

/* Begin PBXFileSystemSynchronizedBuildFileExceptionSet section */
		5592B3A42F3A61500054BD84 /* Exceptions for "Muttaqi" folder in "Muttaqi" target */ = {
			isa = PBXFileSystemSynchronizedBuildFileExceptionSet;
			membershipExceptions = (
				Info.plist,
			);
			target = 5592B3612F3A5D3F0054BD84 /* Muttaqi */;
		};
/* End PBXFileSystemSynchronizedBuildFileExceptionSet section */

/* Begin PBXFileSystemSynchronizedRootGroup section */
		5592B3642F3A5D3F0054BD84 /* Muttaqi */ = {
			isa = PBXFileSystemSynchronizedRootGroup;
			exceptions = (
				5592B3A42F3A61500054BD84 /* Exceptions for "Muttaqi" folder in "Muttaqi" target */,
			);
			path = Muttaqi;
			sourceTree = "<group>";
		};
		5592B3742F3A5D3F0054BD84 /* MuttaqiTests */ = {
			isa = PBXFileSystemSynchronizedRootGroup;
			path = MuttaqiTests;
			sourceTree = "<group>";
		};
		5592B37E2F3A5D3F0054BD84 /* MuttaqiUITests */ = {
			isa = PBXFileSystemSynchronizedRootGroup;
			path = MuttaqiUITests;
			sourceTree = "<group>";
		};
/* End PBXFileSystemSynchronizedRootGroup section */

/* Begin PBXFrameworksBuildPhase section */
		5592B35F2F3A5D3F0054BD84 /* Frameworks */ = {
			isa = PBXFrameworksBuildPhase;
			buildActionMask = 2147483647;
			files = (
			);
			runOnlyForDeploymentPostprocessing = 0;
		};
		5592B36E2F3A5D3F0054BD84 /* Frameworks */ = {
			isa = PBXFrameworksBuildPhase;
			buildActionMask = 2147483647;
			files = (
			);
			runOnlyForDeploymentPostprocessing = 0;
		};
		5592B3782F3A5D3F0054BD84 /* Frameworks */ = {
			isa = PBXFrameworksBuildPhase;
			buildActionMask = 2147483647;
			files = (
			);
			runOnlyForDeploymentPostprocessing = 0;
		};
/* End PBXFrameworksBuildPhase section */

/* Begin PBXGroup section */
		5592B3592F3A5D3F0054BD84 = {
			isa = PBXGroup;
			children = (
				5592B3642F3A5D3F0054BD84 /* Muttaqi */,
				5592B3742F3A5D3F0054BD84 /* MuttaqiTests */,
				5592B37E2F3A5D3F0054BD84 /* MuttaqiUITests */,
				5592B3632F3A5D3F0054BD84 /* Products */,
			);
			sourceTree = "<group>";
		};
		5592B3632F3A5D3F0054BD84 /* Products */ = {
			isa = PBXGroup;
			children = (
				5592B3622F3A5D3F0054BD84 /* Muttaqi.app */,
				5592B3712F3A5D3F0054BD84 /* MuttaqiTests.xctest */,
				5592B37B2F3A5D3F0054BD84 /* MuttaqiUITests.xctest */,
			);
			name = Products;
			sourceTree = "<group>";
		};
/* End PBXGroup section */

/* Begin PBXNativeTarget section */
		5592B3612F3A5D3F0054BD84 /* Muttaqi */ = {
			isa = PBXNativeTarget;
			buildConfigurationList = 5592B3852F3A5D3F0054BD84 /* Build configuration list for PBXNativeTarget "Muttaqi" */;
			buildPhases = (
				5592B35E2F3A5D3F0054BD84 /* Sources */,
				5592B35F2F3A5D3F0054BD84 /* Frameworks */,
				5592B3602F3A5D3F0054BD84 /* Resources */,
			);
			buildRules = (
			);
			dependencies = (
			);
			fileSystemSynchronizedGroups = (
				5592B3642F3A5D3F0054BD84 /* Muttaqi */,
			);
			name = Muttaqi;
			packageProductDependencies = (
			);
			productName = Muttaqi;
			productReference = 5592B3622F3A5D3F0054BD84 /* Muttaqi.app */;
			productType = "com.apple.product-type.application";
		};
		5592B3702F3A5D3F0054BD84 /* MuttaqiTests */ = {
			isa = PBXNativeTarget;
			buildConfigurationList = 5592B3882F3A5D3F0054BD84 /* Build configuration list for PBXNativeTarget "MuttaqiTests" */;
			buildPhases = (
				5592B36D2F3A5D3F0054BD84 /* Sources */,
				5592B36E2F3A5D3F0054BD84 /* Frameworks */,
				5592B36F2F3A5D3F0054BD84 /* Resources */,
			);
			buildRules = (
			);
			dependencies = (
				5592B3732F3A5D3F0054BD84 /* PBXTargetDependency */,
			);
			fileSystemSynchronizedGroups = (
				5592B3742F3A5D3F0054BD84 /* MuttaqiTests */,
			);
			name = MuttaqiTests;
			packageProductDependencies = (
			);
			productName = MuttaqiTests;
			productReference = 5592B3712F3A5D3F0054BD84 /* MuttaqiTests.xctest */;
			productType = "com.apple.product-type.bundle.unit-test";
		};
		5592B37A2F3A5D3F0054BD84 /* MuttaqiUITests */ = {
			isa = PBXNativeTarget;
			buildConfigurationList = 5592B38B2F3A5D3F0054BD84 /* Build configuration list for PBXNativeTarget "MuttaqiUITests" */;
			buildPhases = (
				5592B3772F3A5D3F0054BD84 /* Sources */,
				5592B3782F3A5D3F0054BD84 /* Frameworks */,
				5592B3792F3A5D3F0054BD84 /* Resources */,
			);
			buildRules = (
			);
			dependencies = (
				5592B37D2F3A5D3F0054BD84 /* PBXTargetDependency */,
			);
			fileSystemSynchronizedGroups = (
				5592B37E2F3A5D3F0054BD84 /* MuttaqiUITests */,
			);
			name = MuttaqiUITests;
			packageProductDependencies = (
			);
			productName = MuttaqiUITests;
			productReference = 5592B37B2F3A5D3F0054BD84 /* MuttaqiUITests.xctest */;
			productType = "com.apple.product-type.bundle.ui-testing";
		};
/* End PBXNativeTarget section */

/* Begin PBXProject section */
		5592B35A2F3A5D3F0054BD84 /* Project object */ = {
			isa = PBXProject;
			attributes = {
				BuildIndependentTargetsInParallel = 1;
				LastSwiftUpdateCheck = 2620;
				LastUpgradeCheck = 2620;
				TargetAttributes = {
					5592B3612F3A5D3F0054BD84 = {
						CreatedOnToolsVersion = 26.2;
					};
					5592B3702F3A5D3F0054BD84 = {
						CreatedOnToolsVersion = 26.2;
						TestTargetID = 5592B3612F3A5D3F0054BD84;
					};
					5592B37A2F3A5D3F0054BD84 = {
						CreatedOnToolsVersion = 26.2;
						TestTargetID = 5592B3612F3A5D3F0054BD84;
					};
				};
			};
			buildConfigurationList = 5592B35D2F3A5D3F0054BD84 /* Build configuration list for PBXProject "Muttaqi" */;
			developmentRegion = en;
			hasScannedForEncodings = 0;
			knownRegions = (
				en,
				Base,
			);
			mainGroup = 5592B3592F3A5D3F0054BD84;
			minimizedProjectReferenceProxies = 1;
			preferredProjectObjectVersion = 77;
			productRefGroup = 5592B3632F3A5D3F0054BD84 /* Products */;
			projectDirPath = "";
			projectRoot = "";
			targets = (
				5592B3612F3A5D3F0054BD84 /* Muttaqi */,
				5592B3702F3A5D3F0054BD84 /* MuttaqiTests */,
				5592B37A2F3A5D3F0054BD84 /* MuttaqiUITests */,
			);
		};
/* End PBXProject section */

/* Begin PBXResourcesBuildPhase section */
		5592B3602F3A5D3F0054BD84 /* Resources */ = {
			isa = PBXResourcesBuildPhase;
			buildActionMask = 2147483647;
			files = (
			);
			runOnlyForDeploymentPostprocessing = 0;
		};
		5592B36F2F3A5D3F0054BD84 /* Resources */ = {
			isa = PBXResourcesBuildPhase;
			buildActionMask = 2147483647;
			files = (
			);
			runOnlyForDeploymentPostprocessing = 0;
		};
		5592B3792F3A5D3F0054BD84 /* Resources */ = {
			isa = PBXResourcesBuildPhase;
			buildActionMask = 2147483647;
			files = (
			);
			runOnlyForDeploymentPostprocessing = 0;
		};
/* End PBXResourcesBuildPhase section */

/* Begin PBXSourcesBuildPhase section */
		5592B35E2F3A5D3F0054BD84 /* Sources */ = {
			isa = PBXSourcesBuildPhase;
			buildActionMask = 2147483647;
			files = (
			);
			runOnlyForDeploymentPostprocessing = 0;
		};
		5592B36D2F3A5D3F0054BD84 /* Sources */ = {
			isa = PBXSourcesBuildPhase;
			buildActionMask = 2147483647;
			files = (
			);
			runOnlyForDeploymentPostprocessing = 0;
		};
		5592B3772F3A5D3F0054BD84 /* Sources */ = {
			isa = PBXSourcesBuildPhase;
			buildActionMask = 2147483647;
			files = (
			);
			runOnlyForDeploymentPostprocessing = 0;
		};
/* End PBXSourcesBuildPhase section */

/* Begin PBXTargetDependency section */
		5592B3732F3A5D3F0054BD84 /* PBXTargetDependency */ = {
			isa = PBXTargetDependency;
			target = 5592B3612F3A5D3F0054BD84 /* Muttaqi */;
			targetProxy = 5592B3722F3A5D3F0054BD84 /* PBXContainerItemProxy */;
		};
		5592B37D2F3A5D3F0054BD84 /* PBXTargetDependency */ = {
			isa = PBXTargetDependency;
			target = 5592B3612F3A5D3F0054BD84 /* Muttaqi */;
			targetProxy = 5592B37C2F3A5D3F0054BD84 /* PBXContainerItemProxy */;
		};
/* End PBXTargetDependency section */

/* Begin XCBuildConfiguration section */
		5592B3832F3A5D3F0054BD84 /* Debug */ = {
			isa = XCBuildConfiguration;
			buildSettings = {
				ALWAYS_SEARCH_USER_PATHS = NO;
				ASSETCATALOG_COMPILER_GENERATE_SWIFT_ASSET_SYMBOL_EXTENSIONS = YES;
				CLANG_ANALYZER_NONNULL = YES;
				CLANG_ANALYZER_NUMBER_OBJECT_CONVERSION = YES_AGGRESSIVE;
				CLANG_CXX_LANGUAGE_STANDARD = "gnu++20";
				CLANG_ENABLE_MODULES = YES;
				CLANG_ENABLE_OBJC_ARC = YES;
				CLANG_ENABLE_OBJC_WEAK = YES;
				CLANG_WARN_BLOCK_CAPTURE_AUTORELEASING = YES;
				CLANG_WARN_BOOL_CONVERSION = YES;
				CLANG_WARN_COMMA = YES;
				CLANG_WARN_CONSTANT_CONVERSION = YES;
				CLANG_WARN_DEPRECATED_OBJC_IMPLEMENTATIONS = YES;
				CLANG_WARN_DIRECT_OBJC_ISA_USAGE = YES_ERROR;
				CLANG_WARN_DOCUMENTATION_COMMENTS = YES;
				CLANG_WARN_EMPTY_BODY = YES;
				CLANG_WARN_ENUM_CONVERSION = YES;
				CLANG_WARN_INFINITE_RECURSION = YES;
				CLANG_WARN_INT_CONVERSION = YES;
				CLANG_WARN_NON_LITERAL_NULL_CONVERSION = YES;
				CLANG_WARN_OBJC_IMPLICIT_RETAIN_SELF = YES;
				CLANG_WARN_OBJC_LITERAL_CONVERSION = YES;
				CLANG_WARN_OBJC_ROOT_CLASS = YES_ERROR;
				CLANG_WARN_QUOTED_INCLUDE_IN_FRAMEWORK_HEADER = YES;
				CLANG_WARN_RANGE_LOOP_ANALYSIS = YES;
				CLANG_WARN_STRICT_PROTOTYPES = YES;
				CLANG_WARN_SUSPICIOUS_MOVE = YES;
				CLANG_WARN_UNGUARDED_AVAILABILITY = YES_AGGRESSIVE;
				CLANG_WARN_UNREACHABLE_CODE = YES;
				CLANG_WARN__DUPLICATE_METHOD_MATCH = YES;
				COPY_PHASE_STRIP = NO;
				DEBUG_INFORMATION_FORMAT = dwarf;
				DEVELOPMENT_TEAM = 9L228XEPZQ;
				ENABLE_STRICT_OBJC_MSGSEND = YES;
				ENABLE_TESTABILITY = YES;
				ENABLE_USER_SCRIPT_SANDBOXING = YES;
				GCC_C_LANGUAGE_STANDARD = gnu17;
				GCC_DYNAMIC_NO_PIC = NO;
				GCC_NO_COMMON_BLOCKS = YES;
				GCC_OPTIMIZATION_LEVEL = 0;
				GCC_PREPROCESSOR_DEFINITIONS = (
					"DEBUG=1",
					"$(inherited)",
				);
				GCC_WARN_64_TO_32_BIT_CONVERSION = YES;
				GCC_WARN_ABOUT_RETURN_TYPE = YES_ERROR;
				GCC_WARN_UNDECLARED_SELECTOR = YES;
				GCC_WARN_UNINITIALIZED_AUTOS = YES_AGGRESSIVE;
				GCC_WARN_UNUSED_FUNCTION = YES;
				GCC_WARN_UNUSED_VARIABLE = YES;
				IPHONEOS_DEPLOYMENT_TARGET = 26.2;
				LOCALIZATION_PREFERS_STRING_CATALOGS = YES;
				MTL_ENABLE_DEBUG_INFO = INCLUDE_SOURCE;
				MTL_FAST_MATH = YES;
				ONLY_ACTIVE_ARCH = YES;
				SDKROOT = iphoneos;
				SWIFT_ACTIVE_COMPILATION_CONDITIONS = "DEBUG $(inherited)";
				SWIFT_OPTIMIZATION_LEVEL = "-Onone";
			};
			name = Debug;
		};
		5592B3842F3A5D3F0054BD84 /* Release */ = {
			isa = XCBuildConfiguration;
			buildSettings = {
				ALWAYS_SEARCH_USER_PATHS = NO;
				ASSETCATALOG_COMPILER_GENERATE_SWIFT_ASSET_SYMBOL_EXTENSIONS = YES;
				CLANG_ANALYZER_NONNULL = YES;
				CLANG_ANALYZER_NUMBER_OBJECT_CONVERSION = YES_AGGRESSIVE;
				CLANG_CXX_LANGUAGE_STANDARD = "gnu++20";
				CLANG_ENABLE_MODULES = YES;
				CLANG_ENABLE_OBJC_ARC = YES;
				CLANG_ENABLE_OBJC_WEAK = YES;
				CLANG_WARN_BLOCK_CAPTURE_AUTORELEASING = YES;
				CLANG_WARN_BOOL_CONVERSION = YES;
				CLANG_WARN_COMMA = YES;
				CLANG_WARN_CONSTANT_CONVERSION = YES;
				CLANG_WARN_DEPRECATED_OBJC_IMPLEMENTATIONS = YES;
				CLANG_WARN_DIRECT_OBJC_ISA_USAGE = YES_ERROR;
				CLANG_WARN_DOCUMENTATION_COMMENTS = YES;
				CLANG_WARN_EMPTY_BODY = YES;
				CLANG_WARN_ENUM_CONVERSION = YES;
				CLANG_WARN_INFINITE_RECURSION = YES;
				CLANG_WARN_INT_CONVERSION = YES;
				CLANG_WARN_NON_LITERAL_NULL_CONVERSION = YES;
				CLANG_WARN_OBJC_IMPLICIT_RETAIN_SELF = YES;
				CLANG_WARN_OBJC_LITERAL_CONVERSION = YES;
				CLANG_WARN_OBJC_ROOT_CLASS = YES_ERROR;
				CLANG_WARN_QUOTED_INCLUDE_IN_FRAMEWORK_HEADER = YES;
				CLANG_WARN_RANGE_LOOP_ANALYSIS = YES;
				CLANG_WARN_STRICT_PROTOTYPES = YES;
				CLANG_WARN_SUSPICIOUS_MOVE = YES;
				CLANG_WARN_UNGUARDED_AVAILABILITY = YES_AGGRESSIVE;
				CLANG_WARN_UNREACHABLE_CODE = YES;
				CLANG_WARN__DUPLICATE_METHOD_MATCH = YES;
				COPY_PHASE_STRIP = NO;
				DEBUG_INFORMATION_FORMAT = "dwarf-with-dsym";
				DEVELOPMENT_TEAM = 9L228XEPZQ;
				ENABLE_NS_ASSERTIONS = NO;
				ENABLE_STRICT_OBJC_MSGSEND = YES;
				ENABLE_USER_SCRIPT_SANDBOXING = YES;
				GCC_C_LANGUAGE_STANDARD = gnu17;
				GCC_NO_COMMON_BLOCKS = YES;
				GCC_WARN_64_TO_32_BIT_CONVERSION = YES;
				GCC_WARN_ABOUT_RETURN_TYPE = YES_ERROR;
				GCC_WARN_UNDECLARED_SELECTOR = YES;
				GCC_WARN_UNINITIALIZED_AUTOS = YES_AGGRESSIVE;
				GCC_WARN_UNUSED_FUNCTION = YES;
				GCC_WARN_UNUSED_VARIABLE = YES;
				IPHONEOS_DEPLOYMENT_TARGET = 26.2;
				LOCALIZATION_PREFERS_STRING_CATALOGS = YES;
				MTL_ENABLE_DEBUG_INFO = NO;
				MTL_FAST_MATH = YES;
				SDKROOT = iphoneos;
				SWIFT_COMPILATION_MODE = wholemodule;
				VALIDATE_PRODUCT = YES;
			};
			name = Release;
		};
		5592B3862F3A5D3F0054BD84 /* Debug */ = {
			isa = XCBuildConfiguration;
			buildSettings = {
				ASSETCATALOG_COMPILER_APPICON_NAME = AppIcon;
				ASSETCATALOG_COMPILER_GLOBAL_ACCENT_COLOR_NAME = AccentColor;
				CODE_SIGN_STYLE = Automatic;
				CURRENT_PROJECT_VERSION = 1;
				DEVELOPMENT_TEAM = 9L228XEPZQ;
				ENABLE_PREVIEWS = YES;
				GENERATE_INFOPLIST_FILE = YES;
				INFOPLIST_FILE = Muttaqi/Info.plist;
				INFOPLIST_KEY_LSApplicationCategoryType = en;
				INFOPLIST_KEY_NSLocationWhenInUseUsageDescription = "Muttaqi needs your location for accurate prayer times";
				INFOPLIST_KEY_UIApplicationSceneManifest_Generation = YES;
				INFOPLIST_KEY_UIApplicationSupportsIndirectInputEvents = YES;
				INFOPLIST_KEY_UILaunchScreen_Generation = YES;
				INFOPLIST_KEY_UISupportedInterfaceOrientations_iPad = "UIInterfaceOrientationPortrait UIInterfaceOrientationPortraitUpsideDown UIInterfaceOrientationLandscapeLeft UIInterfaceOrientationLandscapeRight";
				INFOPLIST_KEY_UISupportedInterfaceOrientations_iPhone = "UIInterfaceOrientationPortrait UIInterfaceOrientationLandscapeLeft UIInterfaceOrientationLandscapeRight";
				LD_RUNPATH_SEARCH_PATHS = (
					"$(inherited)",
					"@executable_path/Frameworks",
				);
				MARKETING_VERSION = 1.0;
				PRODUCT_BUNDLE_IDENTIFIER = com.muttaqi.islamic.Muttaqi;
				PRODUCT_NAME = "$(TARGET_NAME)";
				STRING_CATALOG_GENERATE_SYMBOLS = YES;
				SWIFT_APPROACHABLE_CONCURRENCY = YES;
				SWIFT_DEFAULT_ACTOR_ISOLATION = MainActor;
				SWIFT_EMIT_LOC_STRINGS = YES;
				SWIFT_UPCOMING_FEATURE_MEMBER_IMPORT_VISIBILITY = YES;
				SWIFT_VERSION = 5.0;
				TARGETED_DEVICE_FAMILY = "1,2";
			};
			name = Debug;
		};
		5592B3872F3A5D3F0054BD84 /* Release */ = {
			isa = XCBuildConfiguration;
			buildSettings = {
				ASSETCATALOG_COMPILER_APPICON_NAME = AppIcon;
				ASSETCATALOG_COMPILER_GLOBAL_ACCENT_COLOR_NAME = AccentColor;
				CODE_SIGN_STYLE = Automatic;
				CURRENT_PROJECT_VERSION = 1;
				DEVELOPMENT_TEAM = 9L228XEPZQ;
				ENABLE_PREVIEWS = YES;
				GENERATE_INFOPLIST_FILE = YES;
				INFOPLIST_FILE = Muttaqi/Info.plist;
				INFOPLIST_KEY_LSApplicationCategoryType = en;
				INFOPLIST_KEY_NSLocationWhenInUseUsageDescription = "Muttaqi needs your location for accurate prayer times";
				INFOPLIST_KEY_UIApplicationSceneManifest_Generation = YES;
				INFOPLIST_KEY_UIApplicationSupportsIndirectInputEvents = YES;
				INFOPLIST_KEY_UILaunchScreen_Generation = YES;
				INFOPLIST_KEY_UISupportedInterfaceOrientations_iPad = "UIInterfaceOrientationPortrait UIInterfaceOrientationPortraitUpsideDown UIInterfaceOrientationLandscapeLeft UIInterfaceOrientationLandscapeRight";
				INFOPLIST_KEY_UISupportedInterfaceOrientations_iPhone = "UIInterfaceOrientationPortrait UIInterfaceOrientationLandscapeLeft UIInterfaceOrientationLandscapeRight";
				LD_RUNPATH_SEARCH_PATHS = (
					"$(inherited)",
					"@executable_path/Frameworks",
				);
				MARKETING_VERSION = 1.0;
				PRODUCT_BUNDLE_IDENTIFIER = com.muttaqi.islamic.Muttaqi;
				PRODUCT_NAME = "$(TARGET_NAME)";
				STRING_CATALOG_GENERATE_SYMBOLS = YES;
				SWIFT_APPROACHABLE_CONCURRENCY = YES;
				SWIFT_DEFAULT_ACTOR_ISOLATION = MainActor;
				SWIFT_EMIT_LOC_STRINGS = YES;
				SWIFT_UPCOMING_FEATURE_MEMBER_IMPORT_VISIBILITY = YES;
				SWIFT_VERSION = 5.0;
				TARGETED_DEVICE_FAMILY = "1,2";
			};
			name = Release;
		};
		5592B3892F3A5D3F0054BD84 /* Debug */ = {
			isa = XCBuildConfiguration;
			buildSettings = {
				BUNDLE_LOADER = "$(TEST_HOST)";
				CODE_SIGN_STYLE = Automatic;
				CURRENT_PROJECT_VERSION = 1;
				DEVELOPMENT_TEAM = 9L228XEPZQ;
				GENERATE_INFOPLIST_FILE = YES;
				IPHONEOS_DEPLOYMENT_TARGET = 26.2;
				MARKETING_VERSION = 1.0;
				PRODUCT_BUNDLE_IDENTIFIER = com.muttaqi.islamic.MuttaqiTests;
				PRODUCT_NAME = "$(TARGET_NAME)";
				STRING_CATALOG_GENERATE_SYMBOLS = NO;
				SWIFT_APPROACHABLE_CONCURRENCY = YES;
				SWIFT_EMIT_LOC_STRINGS = NO;
				SWIFT_UPCOMING_FEATURE_MEMBER_IMPORT_VISIBILITY = YES;
				SWIFT_VERSION = 5.0;
				TARGETED_DEVICE_FAMILY = "1,2";
				TEST_HOST = "$(BUILT_PRODUCTS_DIR)/Muttaqi.app/$(BUNDLE_EXECUTABLE_FOLDER_PATH)/Muttaqi";
			};
			name = Debug;
		};
		5592B38A2F3A5D3F0054BD84 /* Release */ = {
			isa = XCBuildConfiguration;
			buildSettings = {
				BUNDLE_LOADER = "$(TEST_HOST)";
				CODE_SIGN_STYLE = Automatic;
				CURRENT_PROJECT_VERSION = 1;
				DEVELOPMENT_TEAM = 9L228XEPZQ;
				GENERATE_INFOPLIST_FILE = YES;
				IPHONEOS_DEPLOYMENT_TARGET = 26.2;
				MARKETING_VERSION = 1.0;
				PRODUCT_BUNDLE_IDENTIFIER = com.muttaqi.islamic.MuttaqiTests;
				PRODUCT_NAME = "$(TARGET_NAME)";
				STRING_CATALOG_GENERATE_SYMBOLS = NO;
				SWIFT_APPROACHABLE_CONCURRENCY = YES;
				SWIFT_EMIT_LOC_STRINGS = NO;
				SWIFT_UPCOMING_FEATURE_MEMBER_IMPORT_VISIBILITY = YES;
				SWIFT_VERSION = 5.0;
				TARGETED_DEVICE_FAMILY = "1,2";
				TEST_HOST = "$(BUILT_PRODUCTS_DIR)/Muttaqi.app/$(BUNDLE_EXECUTABLE_FOLDER_PATH)/Muttaqi";
			};
			name = Release;
		};
		5592B38C2F3A5D3F0054BD84 /* Debug */ = {
			isa = XCBuildConfiguration;
			buildSettings = {
				CODE_SIGN_STYLE = Automatic;
				CURRENT_PROJECT_VERSION = 1;
				DEVELOPMENT_TEAM = 9L228XEPZQ;
				GENERATE_INFOPLIST_FILE = YES;
				MARKETING_VERSION = 1.0;
				PRODUCT_BUNDLE_IDENTIFIER = com.muttaqi.islamic.MuttaqiUITests;
				PRODUCT_NAME = "$(TARGET_NAME)";
				STRING_CATALOG_GENERATE_SYMBOLS = NO;
				SWIFT_APPROACHABLE_CONCURRENCY = YES;
				SWIFT_EMIT_LOC_STRINGS = NO;
				SWIFT_UPCOMING_FEATURE_MEMBER_IMPORT_VISIBILITY = YES;
				SWIFT_VERSION = 5.0;
				TARGETED_DEVICE_FAMILY = "1,2";
				TEST_TARGET_NAME = Muttaqi;
			};
			name = Debug;
		};
		5592B38D2F3A5D3F0054BD84 /* Release */ = {
			isa = XCBuildConfiguration;
			buildSettings = {
				CODE_SIGN_STYLE = Automatic;
				CURRENT_PROJECT_VERSION = 1;
				DEVELOPMENT_TEAM = 9L228XEPZQ;
				GENERATE_INFOPLIST_FILE = YES;
				MARKETING_VERSION = 1.0;
				PRODUCT_BUNDLE_IDENTIFIER = com.muttaqi.islamic.MuttaqiUITests;
				PRODUCT_NAME = "$(TARGET_NAME)";
				STRING_CATALOG_GENERATE_SYMBOLS = NO;
				SWIFT_APPROACHABLE_CONCURRENCY = YES;
				SWIFT_EMIT_LOC_STRINGS = NO;
				SWIFT_UPCOMING_FEATURE_MEMBER_IMPORT_VISIBILITY = YES;
				SWIFT_VERSION = 5.0;
				TARGETED_DEVICE_FAMILY = "1,2";
				TEST_TARGET_NAME = Muttaqi;
			};
			name = Release;
		};
/* End XCBuildConfiguration section */

/* Begin XCConfigurationList section */
		5592B35D2F3A5D3F0054BD84 /* Build configuration list for PBXProject "Muttaqi" */ = {
			isa = XCConfigurationList;
			buildConfigurations = (
				5592B3832F3A5D3F0054BD84 /* Debug */,
				5592B3842F3A5D3F0054BD84 /* Release */,
			);
			defaultConfigurationIsVisible = 0;
			defaultConfigurationName = Release;
		};
		5592B3852F3A5D3F0054BD84 /* Build configuration list for PBXNativeTarget "Muttaqi" */ = {
			isa = XCConfigurationList;
			buildConfigurations = (
				5592B3862F3A5D3F0054BD84 /* Debug */,
				5592B3872F3A5D3F0054BD84 /* Release */,
			);
			defaultConfigurationIsVisible = 0;
			defaultConfigurationName = Release;
		};
		5592B3882F3A5D3F0054BD84 /* Build configuration list for PBXNativeTarget "MuttaqiTests" */ = {
			isa = XCConfigurationList;
			buildConfigurations = (
				5592B3892F3A5D3F0054BD84 /* Debug */,
				5592B38A2F3A5D3F0054BD84 /* Release */,
			);
			defaultConfigurationIsVisible = 0;
			defaultConfigurationName = Release;
		};
		5592B38B2F3A5D3F0054BD84 /* Build configuration list for PBXNativeTarget "MuttaqiUITests" */ = {
			isa = XCConfigurationList;
			buildConfigurations = (
				5592B38C2F3A5D3F0054BD84 /* Debug */,
				5592B38D2F3A5D3F0054BD84 /* Release */,
			);
			defaultConfigurationIsVisible = 0;
			defaultConfigurationName = Release;
		};
/* End XCConfigurationList section */
	};
	rootObject = 5592B35A2F3A5D3F0054BD84 /* Project object */;
}
